
Microsoft Visual Studio Solution File, Format Version 12.00
# Visual Studio Version 17
VisualStudioVersion = 17.5.33424.131
MinimumVisualStudioVersion = 10.0.40219.1
Project("{FAE04EC0-301F-11D3-BF4B-00C04F79EFBC}") = "u22749472_HW01", "u22749472_HW01\u22749472_HW01.csproj", "{3CAD8740-5630-49F2-A11B-ED9BEEE358E7}"
EndProject
Global
	GlobalSection(SolutionConfigurationPlatforms) = preSolution
		Debug|Any CPU = Debug|Any CPU
		Release|Any CPU = Release|Any CPU
	EndGlobalSection
	GlobalSection(ProjectConfigurationPlatforms) = postSolution
		{3CAD8740-5630-49F2-A11B-ED9BEEE358E7}.Debug|Any CPU.ActiveCfg = Debug|Any CPU
		{3CAD8740-5630-49F2-A11B-ED9BEEE358E7}.Debug|Any CPU.Build.0 = Debug|Any CPU
		{3CAD8740-5630-49F2-A11B-ED9BEEE358E7}.Release|Any CPU.ActiveCfg = Release|Any CPU
		{3CAD8740-5630-49F2-A11B-ED9BEEE358E7}.Release|Any CPU.Build.0 = Release|Any CPU
	EndGlobalSection
	GlobalSection(SolutionProperties) = preSolution
		HideSolutionNode = FALSE
	EndGlobalSection
	GlobalSection(ExtensibilityGlobals) = postSolution
		SolutionGuid = {E3F35F2D-CCC8-4414-AB7F-DA057ACA5FD3}
	EndGlobalSection
EndGlobal
